// !$*UTF8*$!
{
	archiveVersion = 1;
	classes = {
	};
	objectVersion = 50;
	objects = {

/* Begin PBXBuildFile section */
		0C0ED26E2751679A0090CA5C /* AppDelegate.swift in Sources */ = {isa = PBXBuildFile; fileRef = 0C0ED26D2751679A0090CA5C /* AppDelegate.swift */; };
		0C0ED2772751679C0090CA5C /* Assets.xcassets in Resources */ = {isa = PBXBuildFile; fileRef = 0C0ED2762751679C0090CA5C /* Assets.xcassets */; };
		0C0ED28E27516D0B0090CA5C /* Coordinator.swift in Sources */ = {isa = PBXBuildFile; fileRef = 0C0ED28C27516D0B0090CA5C /* Coordinator.swift */; };
		0C0ED28F27516D0B0090CA5C /* PokedexCoordinator.swift in Sources */ = {isa = PBXBuildFile; fileRef = 0C0ED28D27516D0B0090CA5C /* PokedexCoordinator.swift */; };
		0C0ED29227516D350090CA5C /* PokedexUIView.swift in Sources */ = {isa = PBXBuildFile; fileRef = 0C0ED29027516D350090CA5C /* PokedexUIView.swift */; };
		0C0ED29327516D350090CA5C /* PokedexViewController.swift in Sources */ = {isa = PBXBuildFile; fileRef = 0C0ED29127516D350090CA5C /* PokedexViewController.swift */; };
		0C0ED295275170AD0090CA5C /* PokedexFactory.swift in Sources */ = {isa = PBXBuildFile; fileRef = 0C0ED294275170AD0090CA5C /* PokedexFactory.swift */; };
		0C0ED297275199250090CA5C /* PokedexViewModel.swift in Sources */ = {isa = PBXBuildFile; fileRef = 0C0ED296275199250090CA5C /* PokedexViewModel.swift */; };
		0C0ED2992751A4D80090CA5C /* Pokemon.swift in Sources */ = {isa = PBXBuildFile; fileRef = 0C0ED2982751A4D80090CA5C /* Pokemon.swift */; };
		0C0ED2A227529CCC0090CA5C /* PokemonTableViewCell.swift in Sources */ = {isa = PBXBuildFile; fileRef = 0C0ED2A127529CCC0090CA5C /* PokemonTableViewCell.swift */; };
		0C0ED2A52752AA420090CA5C /* PokemonList.swift in Sources */ = {isa = PBXBuildFile; fileRef = 0C0ED2A42752AA420090CA5C /* PokemonList.swift */; };
		0CED86D72752EAF600B205BE /* PokedexDetailUIView.swift in Sources */ = {isa = PBXBuildFile; fileRef = 0CED86D62752EAF600B205BE /* PokedexDetailUIView.swift */; };
		0CED86DB2753F0B100B205BE /* PokedexDetailViewController.swift in Sources */ = {isa = PBXBuildFile; fileRef = 0CED86DA2753F0B100B205BE /* PokedexDetailViewController.swift */; };
		0CED86DF2754016000B205BE /* ParentCoordinator.swift in Sources */ = {isa = PBXBuildFile; fileRef = 0CED86DE2754016000B205BE /* ParentCoordinator.swift */; };
		0CED86E12754018500B205BE /* ChildCoordinator.swift in Sources */ = {isa = PBXBuildFile; fileRef = 0CED86E02754018500B205BE /* ChildCoordinator.swift */; };
		0CED86E327554DD100B205BE /* UIColor+Hex.swift in Sources */ = {isa = PBXBuildFile; fileRef = 0CED86E227554DD100B205BE /* UIColor+Hex.swift */; };
		0CED86E72755ACAB00B205BE /* PokemonType.swift in Sources */ = {isa = PBXBuildFile; fileRef = 0CED86E62755ACAB00B205BE /* PokemonType.swift */; };
		0CED86FF2756804F00B205BE /* GlobalConstants.swift in Sources */ = {isa = PBXBuildFile; fileRef = 0CED86FE2756804F00B205BE /* GlobalConstants.swift */; };
		0CED8703275686B500B205BE /* UIImage+Extensions.swift in Sources */ = {isa = PBXBuildFile; fileRef = 0CED8702275686B500B205BE /* UIImage+Extensions.swift */; };
/* End PBXBuildFile section */

/* Begin PBXFileReference section */
		0C0ED26A2751679A0090CA5C /* Pokedex14.app */ = {isa = PBXFileReference; explicitFileType = wrapper.application; includeInIndex = 0; path = Pokedex14.app; sourceTree = BUILT_PRODUCTS_DIR; };
		0C0ED26D2751679A0090CA5C /* AppDelegate.swift */ = {isa = PBXFileReference; lastKnownFileType = sourcecode.swift; path = AppDelegate.swift; sourceTree = "<group>"; };
		0C0ED2762751679C0090CA5C /* Assets.xcassets */ = {isa = PBXFileReference; lastKnownFileType = folder.assetcatalog; path = Assets.xcassets; sourceTree = "<group>"; };
		0C0ED27B2751679C0090CA5C /* Info.plist */ = {isa = PBXFileReference; lastKnownFileType = text.plist.xml; path = Info.plist; sourceTree = "<group>"; };
		0C0ED28C27516D0B0090CA5C /* Coordinator.swift */ = {isa = PBXFileReference; fileEncoding = 4; lastKnownFileType = sourcecode.swift; path = Coordinator.swift; sourceTree = "<group>"; };
		0C0ED28D27516D0B0090CA5C /* PokedexCoordinator.swift */ = {isa = PBXFileReference; fileEncoding = 4; lastKnownFileType = sourcecode.swift; path = PokedexCoordinator.swift; sourceTree = "<group>"; };
		0C0ED29027516D350090CA5C /* PokedexUIView.swift */ = {isa = PBXFileReference; fileEncoding = 4; lastKnownFileType = sourcecode.swift; path = PokedexUIView.swift; sourceTree = "<group>"; };
		0C0ED29127516D350090CA5C /* PokedexViewController.swift */ = {isa = PBXFileReference; fileEncoding = 4; lastKnownFileType = sourcecode.swift; path = PokedexViewController.swift; sourceTree = "<group>"; };
		0C0ED294275170AD0090CA5C /* PokedexFactory.swift */ = {isa = PBXFileReference; lastKnownFileType = sourcecode.swift; path = PokedexFactory.swift; sourceTree = "<group>"; };
		0C0ED296275199250090CA5C /* PokedexViewModel.swift */ = {isa = PBXFileReference; lastKnownFileType = sourcecode.swift; path = PokedexViewModel.swift; sourceTree = "<group>"; };
		0C0ED2982751A4D80090CA5C /* Pokemon.swift */ = {isa = PBXFileReference; lastKnownFileType = sourcecode.swift; path = Pokemon.swift; sourceTree = "<group>"; };
		0C0ED2A127529CCC0090CA5C /* PokemonTableViewCell.swift */ = {isa = PBXFileReference; lastKnownFileType = sourcecode.swift; path = PokemonTableViewCell.swift; sourceTree = "<group>"; };
		0C0ED2A42752AA420090CA5C /* PokemonList.swift */ = {isa = PBXFileReference; lastKnownFileType = sourcecode.swift; path = PokemonList.swift; sourceTree = "<group>"; };
		0CED86D62752EAF600B205BE /* PokedexDetailUIView.swift */ = {isa = PBXFileReference; lastKnownFileType = sourcecode.swift; path = PokedexDetailUIView.swift; sourceTree = "<group>"; };
		0CED86DA2753F0B100B205BE /* PokedexDetailViewController.swift */ = {isa = PBXFileReference; lastKnownFileType = sourcecode.swift; path = PokedexDetailViewController.swift; sourceTree = "<group>"; };
		0CED86DE2754016000B205BE /* ParentCoordinator.swift */ = {isa = PBXFileReference; lastKnownFileType = sourcecode.swift; path = ParentCoordinator.swift; sourceTree = "<group>"; };
		0CED86E02754018500B205BE /* ChildCoordinator.swift */ = {isa = PBXFileReference; lastKnownFileType = sourcecode.swift; path = ChildCoordinator.swift; sourceTree = "<group>"; };
		0CED86E227554DD100B205BE /* UIColor+Hex.swift */ = {isa = PBXFileReference; lastKnownFileType = sourcecode.swift; path = "UIColor+Hex.swift"; sourceTree = "<group>"; };
		0CED86E62755ACAB00B205BE /* PokemonType.swift */ = {isa = PBXFileReference; lastKnownFileType = sourcecode.swift; path = PokemonType.swift; sourceTree = "<group>"; };
		0CED86FE2756804F00B205BE /* GlobalConstants.swift */ = {isa = PBXFileReference; lastKnownFileType = sourcecode.swift; path = GlobalConstants.swift; sourceTree = "<group>"; };
		0CED8702275686B500B205BE /* UIImage+Extensions.swift */ = {isa = PBXFileReference; lastKnownFileType = sourcecode.swift; path = "UIImage+Extensions.swift"; sourceTree = "<group>"; };
/* End PBXFileReference section */

/* Begin PBXFrameworksBuildPhase section */
		0C0ED2672751679A0090CA5C /* Frameworks */ = {
			isa = PBXFrameworksBuildPhase;
			buildActionMask = 2147483647;
			files = (
			);
			runOnlyForDeploymentPostprocessing = 0;
		};
/* End PBXFrameworksBuildPhase section */

/* Begin PBXGroup section */
		0C0ED2612751679A0090CA5C = {
			isa = PBXGroup;
			children = (
				0C0ED26C2751679A0090CA5C /* Pokedex14 */,
				0C0ED26B2751679A0090CA5C /* Products */,
			);
			sourceTree = "<group>";
		};
		0C0ED26B2751679A0090CA5C /* Products */ = {
			isa = PBXGroup;
			children = (
				0C0ED26A2751679A0090CA5C /* Pokedex14.app */,
			);
			name = Products;
			sourceTree = "<group>";
		};
		0C0ED26C2751679A0090CA5C /* Pokedex14 */ = {
			isa = PBXGroup;
			children = (
				0CED86FD2756802000B205BE /* Utils */,
				0CED86FC2756782000B205BE /* ViewModel */,
				0CED86FA275677C900B205BE /* Common */,
				0CED86F9275676EE00B205BE /* Factory */,
				0CED86F2275675D700B205BE /* Coordinator */,
				0CED86F1275675D700B205BE /* Model */,
				0CED86EE275675D700B205BE /* View */,
				0C0ED26D2751679A0090CA5C /* AppDelegate.swift */,
				0C0ED2762751679C0090CA5C /* Assets.xcassets */,
				0C0ED27B2751679C0090CA5C /* Info.plist */,
			);
			path = Pokedex14;
			sourceTree = "<group>";
		};
		0CED86EE275675D700B205BE /* View */ = {
			isa = PBXGroup;
			children = (
				0C0ED2A127529CCC0090CA5C /* PokemonTableViewCell.swift */,
				0C0ED29027516D350090CA5C /* PokedexUIView.swift */,
				0C0ED29127516D350090CA5C /* PokedexViewController.swift */,
				0CED86D62752EAF600B205BE /* PokedexDetailUIView.swift */,
				0CED86DA2753F0B100B205BE /* PokedexDetailViewController.swift */,
			);
			path = View;
			sourceTree = "<group>";
		};
		0CED86F1275675D700B205BE /* Model */ = {
			isa = PBXGroup;
			children = (
				0C0ED2982751A4D80090CA5C /* Pokemon.swift */,
				0C0ED2A42752AA420090CA5C /* PokemonList.swift */,
				0CED86E62755ACAB00B205BE /* PokemonType.swift */,
			);
			path = Model;
			sourceTree = "<group>";
		};
		0CED86F2275675D700B205BE /* Coordinator */ = {
			isa = PBXGroup;
			children = (
				0C0ED28C27516D0B0090CA5C /* Coordinator.swift */,
				0C0ED28D27516D0B0090CA5C /* PokedexCoordinator.swift */,
				0CED86DE2754016000B205BE /* ParentCoordinator.swift */,
				0CED86E02754018500B205BE /* ChildCoordinator.swift */,
			);
			path = Coordinator;
			sourceTree = "<group>";
		};
		0CED86F9275676EE00B205BE /* Factory */ = {
			isa = PBXGroup;
			children = (
				0C0ED294275170AD0090CA5C /* PokedexFactory.swift */,
			);
			path = Factory;
			sourceTree = "<group>";
		};
		0CED86FA275677C900B205BE /* Common */ = {
			isa = PBXGroup;
			children = (
				0CED86FB275677D000B205BE /* Extensions */,
			);
			path = Common;
			sourceTree = "<group>";
		};
		0CED86FB275677D000B205BE /* Extensions */ = {
			isa = PBXGroup;
			children = (
				0CED86E227554DD100B205BE /* UIColor+Hex.swift */,
				0CED8702275686B500B205BE /* UIImage+Extensions.swift */,
			);
			path = Extensions;
			sourceTree = "<group>";
		};
		0CED86FC2756782000B205BE /* ViewModel */ = {
			isa = PBXGroup;
			children = (
				0C0ED296275199250090CA5C /* PokedexViewModel.swift */,
			);
			path = ViewModel;
			sourceTree = "<group>";
		};
		0CED86FD2756802000B205BE /* Utils */ = {
			isa = PBXGroup;
			children = (
				0CED86FE2756804F00B205BE /* GlobalConstants.swift */,
			);
			path = Utils;
			sourceTree = "<group>";
		};
/* End PBXGroup section */

/* Begin PBXNativeTarget section */
		0C0ED2692751679A0090CA5C /* Pokedex14 */ = {
			isa = PBXNativeTarget;
			buildConfigurationList = 0C0ED27E2751679C0090CA5C /* Build configuration list for PBXNativeTarget "Pokedex14" */;
			buildPhases = (
				0C0ED2662751679A0090CA5C /* Sources */,
				0C0ED2672751679A0090CA5C /* Frameworks */,
				0C0ED2682751679A0090CA5C /* Resources */,
			);
			buildRules = (
			);
			dependencies = (
			);
			name = Pokedex14;
			productName = Pokedex14;
			productReference = 0C0ED26A2751679A0090CA5C /* Pokedex14.app */;
			productType = "com.apple.product-type.application";
		};
/* End PBXNativeTarget section */

/* Begin PBXProject section */
		0C0ED2622751679A0090CA5C /* Project object */ = {
			isa = PBXProject;
			attributes = {
				LastSwiftUpdateCheck = 1250;
				LastUpgradeCheck = 1250;
				TargetAttributes = {
					0C0ED2692751679A0090CA5C = {
						CreatedOnToolsVersion = 12.5.1;
					};
				};
			};
			buildConfigurationList = 0C0ED2652751679A0090CA5C /* Build configuration list for PBXProject "Pokedex14" */;
			compatibilityVersion = "Xcode 9.3";
			developmentRegion = en;
			hasScannedForEncodings = 0;
			knownRegions = (
				en,
				Base,
			);
			mainGroup = 0C0ED2612751679A0090CA5C;
			productRefGroup = 0C0ED26B2751679A0090CA5C /* Products */;
			projectDirPath = "";
			projectRoot = "";
			targets = (
				0C0ED2692751679A0090CA5C /* Pokedex14 */,
			);
		};
/* End PBXProject section */

/* Begin PBXResourcesBuildPhase section */
		0C0ED2682751679A0090CA5C /* Resources */ = {
			isa = PBXResourcesBuildPhase;
			buildActionMask = 2147483647;
			files = (
				0C0ED2772751679C0090CA5C /* Assets.xcassets in Resources */,
			);
			runOnlyForDeploymentPostprocessing = 0;
		};
/* End PBXResourcesBuildPhase section */

/* Begin PBXSourcesBuildPhase section */
		0C0ED2662751679A0090CA5C /* Sources */ = {
			isa = PBXSourcesBuildPhase;
			buildActionMask = 2147483647;
			files = (
				0C0ED28E27516D0B0090CA5C /* Coordinator.swift in Sources */,
				0CED86DB2753F0B100B205BE /* PokedexDetailViewController.swift in Sources */,
				0C0ED2A227529CCC0090CA5C /* PokemonTableViewCell.swift in Sources */,
				0CED86E327554DD100B205BE /* UIColor+Hex.swift in Sources */,
				0C0ED26E2751679A0090CA5C /* AppDelegate.swift in Sources */,
				0C0ED28F27516D0B0090CA5C /* PokedexCoordinator.swift in Sources */,
				0CED86D72752EAF600B205BE /* PokedexDetailUIView.swift in Sources */,
				0CED8703275686B500B205BE /* UIImage+Extensions.swift in Sources */,
				0C0ED2992751A4D80090CA5C /* Pokemon.swift in Sources */,
				0C0ED29227516D350090CA5C /* PokedexUIView.swift in Sources */,
				0CED86E12754018500B205BE /* ChildCoordinator.swift in Sources */,
				0CED86FF2756804F00B205BE /* GlobalConstants.swift in Sources */,
				0CED86DF2754016000B205BE /* ParentCoordinator.swift in Sources */,
				0C0ED297275199250090CA5C /* PokedexViewModel.swift in Sources */,
				0C0ED29327516D350090CA5C /* PokedexViewController.swift in Sources */,
				0CED86E72755ACAB00B205BE /* PokemonType.swift in Sources */,
				0C0ED295275170AD0090CA5C /* PokedexFactory.swift in Sources */,
				0C0ED2A52752AA420090CA5C /* PokemonList.swift in Sources */,
			);
			runOnlyForDeploymentPostprocessing = 0;
		};
/* End PBXSourcesBuildPhase section */

/* Begin XCBuildConfiguration section */
		0C0ED27C2751679C0090CA5C /* Debug */ = {
			isa = XCBuildConfiguration;
			buildSettings = {
				ALWAYS_SEARCH_USER_PATHS = NO;
				CLANG_ANALYZER_NONNULL = YES;
				CLANG_ANALYZER_NUMBER_OBJECT_CONVERSION = YES_AGGRESSIVE;
				CLANG_CXX_LANGUAGE_STANDARD = "gnu++14";
				CLANG_CXX_LIBRARY = "libc++";
				CLANG_ENABLE_MODULES = YES;
				CLANG_ENABLE_OBJC_ARC = YES;
				CLANG_ENABLE_OBJC_WEAK = YES;
				CLANG_WARN_BLOCK_CAPTURE_AUTORELEASING = YES;
				CLANG_WARN_BOOL_CONVERSION = YES;
				CLANG_WARN_COMMA = YES;
				CLANG_WARN_CONSTANT_CONVERSION = YES;
				CLANG_WARN_DEPRECATED_OBJC_IMPLEMENTATIONS = YES;
				CLANG_WARN_DIRECT_OBJC_ISA_USAGE = YES_ERROR;
				CLANG_WARN_DOCUMENTATION_COMMENTS = YES;
				CLANG_WARN_EMPTY_BODY = YES;
				CLANG_WARN_ENUM_CONVERSION = YES;
				CLANG_WARN_INFINITE_RECURSION = YES;
				CLANG_WARN_INT_CONVERSION = YES;
				CLANG_WARN_NON_LITERAL_NULL_CONVERSION = YES;
				CLANG_WARN_OBJC_IMPLICIT_RETAIN_SELF = YES;
				CLANG_WARN_OBJC_LITERAL_CONVERSION = YES;
				CLANG_WARN_OBJC_ROOT_CLASS = YES_ERROR;
				CLANG_WARN_QUOTED_INCLUDE_IN_FRAMEWORK_HEADER = YES;
				CLANG_WARN_RANGE_LOOP_ANALYSIS = YES;
				CLANG_WARN_STRICT_PROTOTYPES = YES;
				CLANG_WARN_SUSPICIOUS_MOVE = YES;
				CLANG_WARN_UNGUARDED_AVAILABILITY = YES_AGGRESSIVE;
				CLANG_WARN_UNREACHABLE_CODE = YES;
				CLANG_WARN__DUPLICATE_METHOD_MATCH = YES;
				COPY_PHASE_STRIP = NO;
				DEBUG_INFORMATION_FORMAT = dwarf;
				ENABLE_STRICT_OBJC_MSGSEND = YES;
				ENABLE_TESTABILITY = YES;
				GCC_C_LANGUAGE_STANDARD = gnu11;
				GCC_DYNAMIC_NO_PIC = NO;
				GCC_NO_COMMON_BLOCKS = YES;
				GCC_OPTIMIZATION_LEVEL = 0;
				GCC_PREPROCESSOR_DEFINITIONS = (
					"DEBUG=1",
					"$(inherited)",
				);
				GCC_WARN_64_TO_32_BIT_CONVERSION = YES;
				GCC_WARN_ABOUT_RETURN_TYPE = YES_ERROR;
				GCC_WARN_UNDECLARED_SELECTOR = YES;
				GCC_WARN_UNINITIALIZED_AUTOS = YES_AGGRESSIVE;
				GCC_WARN_UNUSED_FUNCTION = YES;
				GCC_WARN_UNUSED_VARIABLE = YES;
				IPHONEOS_DEPLOYMENT_TARGET = 14.5;
				MTL_ENABLE_DEBUG_INFO = INCLUDE_SOURCE;
				MTL_FAST_MATH = YES;
				ONLY_ACTIVE_ARCH = YES;
				SDKROOT = iphoneos;
				SWIFT_ACTIVE_COMPILATION_CONDITIONS = DEBUG;
				SWIFT_OPTIMIZATION_LEVEL = "-Onone";
			};
			name = Debug;
		};
		0C0ED27D2751679C0090CA5C /* Release */ = {
			isa = XCBuildConfiguration;
			buildSettings = {
				ALWAYS_SEARCH_USER_PATHS = NO;
				CLANG_ANALYZER_NONNULL = YES;
				CLANG_ANALYZER_NUMBER_OBJECT_CONVERSION = YES_AGGRESSIVE;
				CLANG_CXX_LANGUAGE_STANDARD = "gnu++14";
				CLANG_CXX_LIBRARY = "libc++";
				CLANG_ENABLE_MODULES = YES;
				CLANG_ENABLE_OBJC_ARC = YES;
				CLANG_ENABLE_OBJC_WEAK = YES;
				CLANG_WARN_BLOCK_CAPTURE_AUTORELEASING = YES;
				CLANG_WARN_BOOL_CONVERSION = YES;
				CLANG_WARN_COMMA = YES;
				CLANG_WARN_CONSTANT_CONVERSION = YES;
				CLANG_WARN_DEPRECATED_OBJC_IMPLEMENTATIONS = YES;
				CLANG_WARN_DIRECT_OBJC_ISA_USAGE = YES_ERROR;
				CLANG_WARN_DOCUMENTATION_COMMENTS = YES;
				CLANG_WARN_EMPTY_BODY = YES;
				CLANG_WARN_ENUM_CONVERSION = YES;
				CLANG_WARN_INFINITE_RECURSION = YES;
				CLANG_WARN_INT_CONVERSION = YES;
				CLANG_WARN_NON_LITERAL_NULL_CONVERSION = YES;
				CLANG_WARN_OBJC_IMPLICIT_RETAIN_SELF = YES;
				CLANG_WARN_OBJC_LITERAL_CONVERSION = YES;
				CLANG_WARN_OBJC_ROOT_CLASS = YES_ERROR;
				CLANG_WARN_QUOTED_INCLUDE_IN_FRAMEWORK_HEADER = YES;
				CLANG_WARN_RANGE_LOOP_ANALYSIS = YES;
				CLANG_WARN_STRICT_PROTOTYPES = YES;
				CLANG_WARN_SUSPICIOUS_MOVE = YES;
				CLANG_WARN_UNGUARDED_AVAILABILITY = YES_AGGRESSIVE;
				CLANG_WARN_UNREACHABLE_CODE = YES;
				CLANG_WARN__DUPLICATE_METHOD_MATCH = YES;
				COPY_PHASE_STRIP = NO;
				DEBUG_INFORMATION_FORMAT = "dwarf-with-dsym";
				ENABLE_NS_ASSERTIONS = NO;
				ENABLE_STRICT_OBJC_MSGSEND = YES;
				GCC_C_LANGUAGE_STANDARD = gnu11;
				GCC_NO_COMMON_BLOCKS = YES;
				GCC_WARN_64_TO_32_BIT_CONVERSION = YES;
				GCC_WARN_ABOUT_RETURN_TYPE = YES_ERROR;
				GCC_WARN_UNDECLARED_SELECTOR = YES;
				GCC_WARN_UNINITIALIZED_AUTOS = YES_AGGRESSIVE;
				GCC_WARN_UNUSED_FUNCTION = YES;
				GCC_WARN_UNUSED_VARIABLE = YES;
				IPHONEOS_DEPLOYMENT_TARGET = 14.5;
				MTL_ENABLE_DEBUG_INFO = NO;
				MTL_FAST_MATH = YES;
				SDKROOT = iphoneos;
				SWIFT_COMPILATION_MODE = wholemodule;
				SWIFT_OPTIMIZATION_LEVEL = "-O";
				VALIDATE_PRODUCT = YES;
			};
			name = Release;
		};
		0C0ED27F2751679C0090CA5C /* Debug */ = {
			isa = XCBuildConfiguration;
			buildSettings = {
				ASSETCATALOG_COMPILER_APPICON_NAME = AppIcon;
				ASSETCATALOG_COMPILER_GLOBAL_ACCENT_COLOR_NAME = AccentColor;
				CODE_SIGN_STYLE = Automatic;
				INFOPLIST_FILE = Pokedex14/Info.plist;
				LD_RUNPATH_SEARCH_PATHS = (
					"$(inherited)",
					"@executable_path/Frameworks",
				);
				PRODUCT_BUNDLE_IDENTIFIER = com.raulpavon.Pokedex14;
				PRODUCT_NAME = "$(TARGET_NAME)";
				SWIFT_VERSION = 5.0;
				TARGETED_DEVICE_FAMILY = "1,2";
			};
			name = Debug;
		};
		0C0ED2802751679C0090CA5C /* Release */ = {
			isa = XCBuildConfiguration;
			buildSettings = {
				ASSETCATALOG_COMPILER_APPICON_NAME = AppIcon;
				ASSETCATALOG_COMPILER_GLOBAL_ACCENT_COLOR_NAME = AccentColor;
				CODE_SIGN_STYLE = Automatic;
				INFOPLIST_FILE = Pokedex14/Info.plist;
				LD_RUNPATH_SEARCH_PATHS = (
					"$(inherited)",
					"@executable_path/Frameworks",
				);
				PRODUCT_BUNDLE_IDENTIFIER = com.raulpavon.Pokedex14;
				PRODUCT_NAME = "$(TARGET_NAME)";
				SWIFT_VERSION = 5.0;
				TARGETED_DEVICE_FAMILY = "1,2";
			};
			name = Release;
		};
/* End XCBuildConfiguration section */

/* Begin XCConfigurationList section */
		0C0ED2652751679A0090CA5C /* Build configuration list for PBXProject "Pokedex14" */ = {
			isa = XCConfigurationList;
			buildConfigurations = (
				0C0ED27C2751679C0090CA5C /* Debug */,
				0C0ED27D2751679C0090CA5C /* Release */,
			);
			defaultConfigurationIsVisible = 0;
			defaultConfigurationName = Release;
		};
		0C0ED27E2751679C0090CA5C /* Build configuration list for PBXNativeTarget "Pokedex14" */ = {
			isa = XCConfigurationList;
			buildConfigurations = (
				0C0ED27F2751679C0090CA5C /* Debug */,
				0C0ED2802751679C0090CA5C /* Release */,
			);
			defaultConfigurationIsVisible = 0;
			defaultConfigurationName = Release;
		};
/* End XCConfigurationList section */
	};
	rootObject = 0C0ED2622751679A0090CA5C /* Project object */;
}
